
Microsoft Visual Studio Solution File, Format Version 12.00
# Visual Studio Version 17
VisualStudioVersion = 17.9.34526.213
MinimumVisualStudioVersion = 10.0.40219.1
Project("{FAE04EC0-301F-11D3-BF4B-00C04F79EFBC}") = "GitPush", "GitPush\GitPush.csproj", "{32346C48-99A4-48FC-A9D3-A25A33F5A684}"
EndProject
Global
	GlobalSection(SolutionConfigurationPlatforms) = preSolution
		Debug|Any CPU = Debug|Any CPU
		Release|Any CPU = Release|Any CPU
	EndGlobalSection
	GlobalSection(ProjectConfigurationPlatforms) = postSolution
		{32346C48-99A4-48FC-A9D3-A25A33F5A684}.Debug|Any CPU.ActiveCfg = Debug|Any CPU
		{32346C48-99A4-48FC-A9D3-A25A33F5A684}.Debug|Any CPU.Build.0 = Debug|Any CPU
		{32346C48-99A4-48FC-A9D3-A25A33F5A684}.Release|Any CPU.ActiveCfg = Release|Any CPU
		{32346C48-99A4-48FC-A9D3-A25A33F5A684}.Release|Any CPU.Build.0 = Release|Any CPU
	EndGlobalSection
	GlobalSection(SolutionProperties) = preSolution
		HideSolutionNode = FALSE
	EndGlobalSection
	GlobalSection(ExtensibilityGlobals) = postSolution
		SolutionGuid = {10F5CD86-31C7-452A-A012-31BFB4BBB076}
	EndGlobalSection
EndGlobal
